# This file is generated by running "yarn install" inside your project.
# Manual changes might be lost - proceed with caution!

__metadata:
  version: 8
  cacheKey: 10c0

"axe@workspace:.":
  version: 0.0.0-use.local
  resolution: "axe@workspace:."
  dependencies:
    turbo: "npm:^2.0.6"
    typescript: "npm:^5.4.5"
  languageName: unknown
  linkType: soft

"turbo-darwin-64@npm:2.0.6":
  version: 2.0.6
  resolution: "turbo-darwin-64@npm:2.0.6"
  conditions: os=darwin & cpu=x64
  languageName: node
  linkType: hard

"turbo-darwin-arm64@npm:2.0.6":
  version: 2.0.6
  resolution: "turbo-darwin-arm64@npm:2.0.6"
  conditions: os=darwin & cpu=arm64
  languageName: node
  linkType: hard

"turbo-linux-64@npm:2.0.6":
  version: 2.0.6
  resolution: "turbo-linux-64@npm:2.0.6"
  conditions: os=linux & cpu=x64
  languageName: node
  linkType: hard

"turbo-linux-arm64@npm:2.0.6":
  version: 2.0.6
  resolution: "turbo-linux-arm64@npm:2.0.6"
  conditions: os=linux & cpu=arm64
  languageName: node
  linkType: hard

"turbo-windows-64@npm:2.0.6":
  version: 2.0.6
  resolution: "turbo-windows-64@npm:2.0.6"
  conditions: os=win32 & cpu=x64
  languageName: node
  linkType: hard

"turbo-windows-arm64@npm:2.0.6":
  version: 2.0.6
  resolution: "turbo-windows-arm64@npm:2.0.6"
  conditions: os=win32 & cpu=arm64
  languageName: node
  linkType: hard

"turbo@npm:^2.0.6":
  version: 2.0.6
  resolution: "turbo@npm:2.0.6"
  dependencies:
    turbo-darwin-64: "npm:2.0.6"
    turbo-darwin-arm64: "npm:2.0.6"
    turbo-linux-64: "npm:2.0.6"
    turbo-linux-arm64: "npm:2.0.6"
    turbo-windows-64: "npm:2.0.6"
    turbo-windows-arm64: "npm:2.0.6"
  dependenciesMeta:
    turbo-darwin-64:
      optional: true
    turbo-darwin-arm64:
      optional: true
    turbo-linux-64:
      optional: true
    turbo-linux-arm64:
      optional: true
    turbo-windows-64:
      optional: true
    turbo-windows-arm64:
      optional: true
  bin:
    turbo: bin/turbo
  checksum: 10c0/3edf8f5fa3fc2456c47f0c0b150c92c670594564fa96b1a90db06c888364a8cc2612081823b685ec31813831a622d71955c3c880d0aa3a0cf10f97d1666f2e35
  languageName: node
  linkType: hard

"typescript@npm:^5.4.5":
  version: 5.5.3
  resolution: "typescript@npm:5.5.3"
  bin:
    tsc: bin/tsc
    tsserver: bin/tsserver
  checksum: 10c0/f52c71ccbc7080b034b9d3b72051d563601a4815bf3e39ded188e6ce60813f75dbedf11ad15dd4d32a12996a9ed8c7155b46c93a9b9c9bad1049766fe614bbdd
  languageName: node
  linkType: hard

"typescript@patch:typescript@npm%3A^5.4.5#optional!builtin<compat/typescript>":
  version: 5.5.3
  resolution: "typescript@patch:typescript@npm%3A5.5.3#optional!builtin<compat/typescript>::version=5.5.3&hash=379a07"
  bin:
    tsc: bin/tsc
    tsserver: bin/tsserver
  checksum: 10c0/911c7811d61f57f07df79c4a35f56a0f426a65426a020e5fcd792f66559f399017205f5f10255329ab5a3d8c2d1f1d19530aeceffda70758a521fae1d469432e
  languageName: node
  linkType: hard
